
Microsoft Visual Studio Solution File, Format Version 12.00
# Visual Studio 15
VisualStudioVersion = 15.0.28307.271
MinimumVisualStudioVersion = 10.0.40219.1
Project("{8BC9CEB8-8B4A-11D0-8D11-00A0C91BC942}") = "Project1", "Project1\Project1.vcxproj", "{C4BC4093-30DE-4B6F-8C58-71100DC54CA4}"
EndProject
Global
	GlobalSection(SolutionConfigurationPlatforms) = preSolution
		Debug|x64 = Debug|x64
		Debug|x86 = Debug|x86
		Release|x64 = Release|x64
		Release|x86 = Release|x86
	EndGlobalSection
	GlobalSection(ProjectConfigurationPlatforms) = postSolution
		{C4BC4093-30DE-4B6F-8C58-71100DC54CA4}.Debug|x64.ActiveCfg = Debug|x64
		{C4BC4093-30DE-4B6F-8C58-71100DC54CA4}.Debug|x64.Build.0 = Debug|x64
		{C4BC4093-30DE-4B6F-8C58-71100DC54CA4}.Debug|x86.ActiveCfg = Debug|Win32
		{C4BC4093-30DE-4B6F-8C58-71100DC54CA4}.Debug|x86.Build.0 = Debug|Win32
		{C4BC4093-30DE-4B6F-8C58-71100DC54CA4}.Release|x64.ActiveCfg = Release|x64
		{C4BC4093-30DE-4B6F-8C58-71100DC54CA4}.Release|x64.Build.0 = Release|x64
		{C4BC4093-30DE-4B6F-8C58-71100DC54CA4}.Release|x86.ActiveCfg = Release|Win32
		{C4BC4093-30DE-4B6F-8C58-71100DC54CA4}.Release|x86.Build.0 = Release|Win32
	EndGlobalSection
	GlobalSection(SolutionProperties) = preSolution
		HideSolutionNode = FALSE
	EndGlobalSection
	GlobalSection(ExtensibilityGlobals) = postSolution
		SolutionGuid = {D1ABF107-0C51-40B8-B45E-C209A12CD566}
	EndGlobalSection
EndGlobal
