<?xml version="1.0" encoding="utf-8"?>
<Project ToolsVersion="4.0" xmlns="http://schemas.microsoft.com/developer/msbuild/2003">
  <ItemGroup>
    <Filter Include="Source Files">
      <UniqueIdentifier>{4FC737F1-C7A5-4376-A066-2A32D752A2FF}</UniqueIdentifier>
      <Extensions>cpp;c;cc;cxx;def;odl;idl;hpj;bat;asm;asmx</Extensions>
    </Filter>
    <Filter Include="Header Files">
      <UniqueIdentifier>{93995380-89BD-4b04-88EB-625FBE52EBFB}</UniqueIdentifier>
      <Extensions>h;hh;hpp;hxx;hm;inl;inc;ipp;xsd</Extensions>
    </Filter>
    <Filter Include="Resource Files">
      <UniqueIdentifier>{67DA6AB6-F800-4c08-8B7A-83BB121AAD01}</UniqueIdentifier>
      <Extensions>rc;ico;cur;bmp;dlg;rc2;rct;bin;rgs;gif;jpg;jpeg;jpe;resx;tiff;tif;png;wav;mfcribbon-ms</Extensions>
    </Filter>
    <Filter Include="Platform Independent">
      <UniqueIdentifier>{bdcd779e-1715-46f9-b03c-3cdfef92cfd5}</UniqueIdentifier>
    </Filter>
    <Filter Include="DirectX">
      <UniqueIdentifier>{11f894a5-1e97-456d-8a6f-8beca3914066}</UniqueIdentifier>
    </Filter>
    <Filter Include="Shaders">
      <UniqueIdentifier>{124b337c-32ef-46c3-8897-2bcc711c3b7c}</UniqueIdentifier>
    </Filter>
  </ItemGroup>
  <ItemGroup>
    <ClCompile Include="main.cpp">
      <Filter>Source Files</Filter>
    </ClCompile>
    <ClCompile Include="Window.cpp">
      <Filter>Platform Independent</Filter>
    </ClCompile>
    <ClCompile Include="Renderer.cpp">
      <Filter>Platform Independent</Filter>
    </ClCompile>
    <ClCompile Include="Window_DX.cpp">
      <Filter>DirectX</Filter>
    </ClCompile>
    <ClCompile Include="Renderer_DX.cpp">
      <Filter>DirectX</Filter>
    </ClCompile>
  </ItemGroup>
  <ItemGroup>
    <ClInclude Include="Window.h">
      <Filter>Platform Independent</Filter>
    </ClInclude>
    <ClInclude Include="Renderer.h">
      <Filter>Platform Independent</Filter>
    </ClInclude>
    <ClInclude Include="Window_DX.h">
      <Filter>DirectX</Filter>
    </ClInclude>
    <ClInclude Include="Renderer_DX.h">
      <Filter>DirectX</Filter>
    </ClInclude>
  </ItemGroup>
  <ItemGroup>
    <FxCompile Include="Cube_VS.hlsl">
      <Filter>Shaders</Filter>
    </FxCompile>
    <FxCompile Include="Cube.fx">
      <Filter>Shaders</Filter>
    </FxCompile>
    <FxCompile Include="Cube_PS.hlsl">
      <Filter>Shaders</Filter>
    </FxCompile>
  </ItemGroup>
</Project>